
Microsoft Visual Studio Solution File, Format Version 12.00
# Visual Studio Version 17
VisualStudioVersion = 17.1.32210.238
MinimumVisualStudioVersion = 10.0.40219.1
Project("{9A19103F-16F7-4668-BE54-9A1E7A4F7556}") = "HmgTools.DataBase.MySql", "HmgTools.DataBase.MySql\HmgTools.DataBase.MySql.csproj", "{7CB41997-E529-4FAF-BAA6-45D06FD1AD82}"
EndProject
Project("{9A19103F-16F7-4668-BE54-9A1E7A4F7556}") = "HmgTools.DataBase.MySql.Tests", "HmgTools.DataBase.MySql.Tests\HmgTools.DataBase.MySql.Tests.csproj", "{4E6651C9-8A97-4806-B463-D587EE9E0396}"
EndProject
Project("{9A19103F-16F7-4668-BE54-9A1E7A4F7556}") = "HmgTools.DataBase", "HmgTools.DataBase\HmgTools.DataBase.csproj", "{B149180F-B9F2-4275-AB13-D9D66BA9856B}"
EndProject
Project("{FAE04EC0-301F-11D3-BF4B-00C04F79EFBC}") = "HmgTools.WebApp", "HmgTools.WebApp\HmgTools.WebApp.csproj", "{5986BBB4-3104-47D9-A2F6-DF3C65793BE7}"
EndProject
Global
	GlobalSection(SolutionConfigurationPlatforms) = preSolution
		Debug|Any CPU = Debug|Any CPU
		Release|Any CPU = Release|Any CPU
	EndGlobalSection
	GlobalSection(ProjectConfigurationPlatforms) = postSolution
		{7CB41997-E529-4FAF-BAA6-45D06FD1AD82}.Debug|Any CPU.ActiveCfg = Debug|Any CPU
		{7CB41997-E529-4FAF-BAA6-45D06FD1AD82}.Debug|Any CPU.Build.0 = Debug|Any CPU
		{7CB41997-E529-4FAF-BAA6-45D06FD1AD82}.Release|Any CPU.ActiveCfg = Release|Any CPU
		{7CB41997-E529-4FAF-BAA6-45D06FD1AD82}.Release|Any CPU.Build.0 = Release|Any CPU
		{4E6651C9-8A97-4806-B463-D587EE9E0396}.Debug|Any CPU.ActiveCfg = Debug|Any CPU
		{4E6651C9-8A97-4806-B463-D587EE9E0396}.Debug|Any CPU.Build.0 = Debug|Any CPU
		{4E6651C9-8A97-4806-B463-D587EE9E0396}.Release|Any CPU.ActiveCfg = Release|Any CPU
		{4E6651C9-8A97-4806-B463-D587EE9E0396}.Release|Any CPU.Build.0 = Release|Any CPU
		{B149180F-B9F2-4275-AB13-D9D66BA9856B}.Debug|Any CPU.ActiveCfg = Debug|Any CPU
		{B149180F-B9F2-4275-AB13-D9D66BA9856B}.Debug|Any CPU.Build.0 = Debug|Any CPU
		{B149180F-B9F2-4275-AB13-D9D66BA9856B}.Release|Any CPU.ActiveCfg = Release|Any CPU
		{B149180F-B9F2-4275-AB13-D9D66BA9856B}.Release|Any CPU.Build.0 = Release|Any CPU
		{5986BBB4-3104-47D9-A2F6-DF3C65793BE7}.Debug|Any CPU.ActiveCfg = Debug|Any CPU
		{5986BBB4-3104-47D9-A2F6-DF3C65793BE7}.Debug|Any CPU.Build.0 = Debug|Any CPU
		{5986BBB4-3104-47D9-A2F6-DF3C65793BE7}.Release|Any CPU.ActiveCfg = Release|Any CPU
		{5986BBB4-3104-47D9-A2F6-DF3C65793BE7}.Release|Any CPU.Build.0 = Release|Any CPU
	EndGlobalSection
	GlobalSection(SolutionProperties) = preSolution
		HideSolutionNode = FALSE
	EndGlobalSection
	GlobalSection(ExtensibilityGlobals) = postSolution
		SolutionGuid = {CFB3C802-BD5E-4240-8274-67CB4B492891}
	EndGlobalSection
EndGlobal
